
Microsoft Visual Studio Solution File, Format Version 12.00
# Visual Studio Version 17
VisualStudioVersion = 17.5.33530.505
MinimumVisualStudioVersion = 10.0.40219.1
Project("{FAE04EC0-301F-11D3-BF4B-00C04F79EFBC}") = "Normal v Static", "Normal v Static.csproj", "{732C3A84-B141-4F2C-883B-1C0F44C6D616}"
EndProject
Global
	GlobalSection(SolutionConfigurationPlatforms) = preSolution
		Debug|Any CPU = Debug|Any CPU
		Release|Any CPU = Release|Any CPU
	EndGlobalSection
	GlobalSection(ProjectConfigurationPlatforms) = postSolution
		{732C3A84-B141-4F2C-883B-1C0F44C6D616}.Debug|Any CPU.ActiveCfg = Debug|Any CPU
		{732C3A84-B141-4F2C-883B-1C0F44C6D616}.Debug|Any CPU.Build.0 = Debug|Any CPU
		{732C3A84-B141-4F2C-883B-1C0F44C6D616}.Release|Any CPU.ActiveCfg = Release|Any CPU
		{732C3A84-B141-4F2C-883B-1C0F44C6D616}.Release|Any CPU.Build.0 = Release|Any CPU
	EndGlobalSection
	GlobalSection(SolutionProperties) = preSolution
		HideSolutionNode = FALSE
	EndGlobalSection
	GlobalSection(ExtensibilityGlobals) = postSolution
		SolutionGuid = {9DFB2965-BF59-4056-B1F4-B7963D4E5A29}
	EndGlobalSection
EndGlobal
